// !$*UTF8*$!
{
	archiveVersion = 1;
	classes = {
	};
	objectVersion = 50;
	objects = {

/* Begin PBXBuildFile section */
		830F53EC212D4FAB0026F8EB /* AppDelegate.swift in Sources */ = {isa = PBXBuildFile; fileRef = 830F53EB212D4FAB0026F8EB /* AppDelegate.swift */; };
		830F53EE212D4FAB0026F8EB /* ViewController.swift in Sources */ = {isa = PBXBuildFile; fileRef = 830F53ED212D4FAB0026F8EB /* ViewController.swift */; };
		830F53F1212D4FAB0026F8EB /* Main.storyboard in Resources */ = {isa = PBXBuildFile; fileRef = 830F53EF212D4FAB0026F8EB /* Main.storyboard */; };
		830F53F3212D4FB30026F8EB /* Assets.xcassets in Resources */ = {isa = PBXBuildFile; fileRef = 830F53F2212D4FB30026F8EB /* Assets.xcassets */; };
		830F53F6212D4FB30026F8EB /* LaunchScreen.storyboard in Resources */ = {isa = PBXBuildFile; fileRef = 830F53F4212D4FB30026F8EB /* LaunchScreen.storyboard */; };
/* End PBXBuildFile section */

/* Begin PBXFileReference section */
		830F53E8212D4FAB0026F8EB /* Project 05 Photo.app */ = {isa = PBXFileReference; explicitFileType = wrapper.application; includeInIndex = 0; path = "Project 05 Photo.app"; sourceTree = BUILT_PRODUCTS_DIR; };
		830F53EB212D4FAB0026F8EB /* AppDelegate.swift */ = {isa = PBXFileReference; lastKnownFileType = sourcecode.swift; path = AppDelegate.swift; sourceTree = "<group>"; };
		830F53ED212D4FAB0026F8EB /* ViewController.swift */ = {isa = PBXFileReference; lastKnownFileType = sourcecode.swift; path = ViewController.swift; sourceTree = "<group>"; };
		830F53F0212D4FAB0026F8EB /* Base */ = {isa = PBXFileReference; lastKnownFileType = file.storyboard; name = Base; path = Base.lproj/Main.storyboard; sourceTree = "<group>"; };
		830F53F2212D4FB30026F8EB /* Assets.xcassets */ = {isa = PBXFileReference; lastKnownFileType = folder.assetcatalog; path = Assets.xcassets; sourceTree = "<group>"; };
		830F53F5212D4FB30026F8EB /* Base */ = {isa = PBXFileReference; lastKnownFileType = file.storyboard; name = Base; path = Base.lproj/LaunchScreen.storyboard; sourceTree = "<group>"; };
		830F53F7212D4FB30026F8EB /* Info.plist */ = {isa = PBXFileReference; lastKnownFileType = text.plist.xml; path = Info.plist; sourceTree = "<group>"; };
/* End PBXFileReference section */

/* Begin PBXFrameworksBuildPhase section */
		830F53E5212D4FAB0026F8EB /* Frameworks */ = {
			isa = PBXFrameworksBuildPhase;
			buildActionMask = 2147483647;
			files = (
			);
			runOnlyForDeploymentPostprocessing = 0;
		};
/* End PBXFrameworksBuildPhase section */

/* Begin PBXGroup section */
		830F53DF212D4FAB0026F8EB = {
			isa = PBXGroup;
			children = (
				830F53EA212D4FAB0026F8EB /* Project 05 Photo */,
				830F53E9212D4FAB0026F8EB /* Products */,
			);
			sourceTree = "<group>";
		};
		830F53E9212D4FAB0026F8EB /* Products */ = {
			isa = PBXGroup;
			children = (
				830F53E8212D4FAB0026F8EB /* Project 05 Photo.app */,
			);
			name = Products;
			sourceTree = "<group>";
		};
		830F53EA212D4FAB0026F8EB /* Project 05 Photo */ = {
			isa = PBXGroup;
			children = (
				830F53EB212D4FAB0026F8EB /* AppDelegate.swift */,
				830F53ED212D4FAB0026F8EB /* ViewController.swift */,
				830F53EF212D4FAB0026F8EB /* Main.storyboard */,
				830F53F2212D4FB30026F8EB /* Assets.xcassets */,
				830F53F4212D4FB30026F8EB /* LaunchScreen.storyboard */,
				830F53F7212D4FB30026F8EB /* Info.plist */,
			);
			path = "Project 05 Photo";
			sourceTree = "<group>";
		};
/* End PBXGroup section */

/* Begin PBXNativeTarget section */
		830F53E7212D4FAB0026F8EB /* Project 05 Photo */ = {
			isa = PBXNativeTarget;
			buildConfigurationList = 830F53FA212D4FB30026F8EB /* Build configuration list for PBXNativeTarget "Project 05 Photo" */;
			buildPhases = (
				830F53E4212D4FAB0026F8EB /* Sources */,
				830F53E5212D4FAB0026F8EB /* Frameworks */,
				830F53E6212D4FAB0026F8EB /* Resources */,
			);
			buildRules = (
			);
			dependencies = (
			);
			name = "Project 05 Photo";
			productName = "Project 05 Photo";
			productReference = 830F53E8212D4FAB0026F8EB /* Project 05 Photo.app */;
			productType = "com.apple.product-type.application";
		};
/* End PBXNativeTarget section */

/* Begin PBXProject section */
		830F53E0212D4FAB0026F8EB /* Project object */ = {
			isa = PBXProject;
			attributes = {
				LastSwiftUpdateCheck = 0940;
				LastUpgradeCheck = 0940;
				ORGANIZATIONNAME = Chris;
				TargetAttributes = {
					830F53E7212D4FAB0026F8EB = {
						CreatedOnToolsVersion = 9.4.1;
					};
				};
			};
			buildConfigurationList = 830F53E3212D4FAB0026F8EB /* Build configuration list for PBXProject "Project 05 Photo" */;
			compatibilityVersion = "Xcode 9.3";
			developmentRegion = en;
			hasScannedForEncodings = 0;
			knownRegions = (
				en,
				Base,
			);
			mainGroup = 830F53DF212D4FAB0026F8EB;
			productRefGroup = 830F53E9212D4FAB0026F8EB /* Products */;
			projectDirPath = "";
			projectRoot = "";
			targets = (
				830F53E7212D4FAB0026F8EB /* Project 05 Photo */,
			);
		};
/* End PBXProject section */

/* Begin PBXResourcesBuildPhase section */
		830F53E6212D4FAB0026F8EB /* Resources */ = {
			isa = PBXResourcesBuildPhase;
			buildActionMask = 2147483647;
			files = (
				830F53F6212D4FB30026F8EB /* LaunchScreen.storyboard in Resources */,
				830F53F3212D4FB30026F8EB /* Assets.xcassets in Resources */,
				830F53F1212D4FAB0026F8EB /* Main.storyboard in Resources */,
			);
			runOnlyForDeploymentPostprocessing = 0;
		};
/* End PBXResourcesBuildPhase section */

/* Begin PBXSourcesBuildPhase section */
		830F53E4212D4FAB0026F8EB /* Sources */ = {
			isa = PBXSourcesBuildPhase;
			buildActionMask = 2147483647;
			files = (
				830F53EE212D4FAB0026F8EB /* ViewController.swift in Sources */,
				830F53EC212D4FAB0026F8EB /* AppDelegate.swift in Sources */,
			);
			runOnlyForDeploymentPostprocessing = 0;
		};
/* End PBXSourcesBuildPhase section */

/* Begin PBXVariantGroup section */
		830F53EF212D4FAB0026F8EB /* Main.storyboard */ = {
			isa = PBXVariantGroup;
			children = (
				830F53F0212D4FAB0026F8EB /* Base */,
			);
			name = Main.storyboard;
			sourceTree = "<group>";
		};
		830F53F4212D4FB30026F8EB /* LaunchScreen.storyboard */ = {
			isa = PBXVariantGroup;
			children = (
				830F53F5212D4FB30026F8EB /* Base */,
			);
			name = LaunchScreen.storyboard;
			sourceTree = "<group>";
		};
/* End PBXVariantGroup section */

/* Begin XCBuildConfiguration section */
		830F53F8212D4FB30026F8EB /* Debug */ = {
			isa = XCBuildConfiguration;
			buildSettings = {
				ALWAYS_SEARCH_USER_PATHS = NO;
				CLANG_ANALYZER_NONNULL = YES;
				CLANG_ANALYZER_NUMBER_OBJECT_CONVERSION = YES_AGGRESSIVE;
				CLANG_CXX_LANGUAGE_STANDARD = "gnu++14";
				CLANG_CXX_LIBRARY = "libc++";
				CLANG_ENABLE_MODULES = YES;
				CLANG_ENABLE_OBJC_ARC = YES;
				CLANG_ENABLE_OBJC_WEAK = YES;
				CLANG_WARN_BLOCK_CAPTURE_AUTORELEASING = YES;
				CLANG_WARN_BOOL_CONVERSION = YES;
				CLANG_WARN_COMMA = YES;
				CLANG_WARN_CONSTANT_CONVERSION = YES;
				CLANG_WARN_DEPRECATED_OBJC_IMPLEMENTATIONS = YES;
				CLANG_WARN_DIRECT_OBJC_ISA_USAGE = YES_ERROR;
				CLANG_WARN_DOCUMENTATION_COMMENTS = YES;
				CLANG_WARN_EMPTY_BODY = YES;
				CLANG_WARN_ENUM_CONVERSION = YES;
				CLANG_WARN_INFINITE_RECURSION = YES;
				CLANG_WARN_INT_CONVERSION = YES;
				CLANG_WARN_NON_LITERAL_NULL_CONVERSION = YES;
				CLANG_WARN_OBJC_IMPLICIT_RETAIN_SELF = YES;
				CLANG_WARN_OBJC_LITERAL_CONVERSION = YES;
				CLANG_WARN_OBJC_ROOT_CLASS = YES_ERROR;
				CLANG_WARN_RANGE_LOOP_ANALYSIS = YES;
				CLANG_WARN_STRICT_PROTOTYPES = YES;
				CLANG_WARN_SUSPICIOUS_MOVE = YES;
				CLANG_WARN_UNGUARDED_AVAILABILITY = YES_AGGRESSIVE;
				CLANG_WARN_UNREACHABLE_CODE = YES;
				CLANG_WARN__DUPLICATE_METHOD_MATCH = YES;
				CODE_SIGN_IDENTITY = "iPhone Developer";
				COPY_PHASE_STRIP = NO;
				DEBUG_INFORMATION_FORMAT = dwarf;
				ENABLE_STRICT_OBJC_MSGSEND = YES;
				ENABLE_TESTABILITY = YES;
				GCC_C_LANGUAGE_STANDARD = gnu11;
				GCC_DYNAMIC_NO_PIC = NO;
				GCC_NO_COMMON_BLOCKS = YES;
				GCC_OPTIMIZATION_LEVEL = 0;
				GCC_PREPROCESSOR_DEFINITIONS = (
					"DEBUG=1",
					"$(inherited)",
				);
				GCC_WARN_64_TO_32_BIT_CONVERSION = YES;
				GCC_WARN_ABOUT_RETURN_TYPE = YES_ERROR;
				GCC_WARN_UNDECLARED_SELECTOR = YES;
				GCC_WARN_UNINITIALIZED_AUTOS = YES_AGGRESSIVE;
				GCC_WARN_UNUSED_FUNCTION = YES;
				GCC_WARN_UNUSED_VARIABLE = YES;
				IPHONEOS_DEPLOYMENT_TARGET = 11.4;
				MTL_ENABLE_DEBUG_INFO = YES;
				ONLY_ACTIVE_ARCH = YES;
				SDKROOT = iphoneos;
				SWIFT_ACTIVE_COMPILATION_CONDITIONS = DEBUG;
				SWIFT_OPTIMIZATION_LEVEL = "-Onone";
			};
			name = Debug;
		};
		830F53F9212D4FB30026F8EB /* Release */ = {
			isa = XCBuildConfiguration;
			buildSettings = {
				ALWAYS_SEARCH_USER_PATHS = NO;
				CLANG_ANALYZER_NONNULL = YES;
				CLANG_ANALYZER_NUMBER_OBJECT_CONVERSION = YES_AGGRESSIVE;
				CLANG_CXX_LANGUAGE_STANDARD = "gnu++14";
				CLANG_CXX_LIBRARY = "libc++";
				CLANG_ENABLE_MODULES = YES;
				CLANG_ENABLE_OBJC_ARC = YES;
				CLANG_ENABLE_OBJC_WEAK = YES;
				CLANG_WARN_BLOCK_CAPTURE_AUTORELEASING = YES;
				CLANG_WARN_BOOL_CONVERSION = YES;
				CLANG_WARN_COMMA = YES;
				CLANG_WARN_CONSTANT_CONVERSION = YES;
				CLANG_WARN_DEPRECATED_OBJC_IMPLEMENTATIONS = YES;
				CLANG_WARN_DIRECT_OBJC_ISA_USAGE = YES_ERROR;
				CLANG_WARN_DOCUMENTATION_COMMENTS = YES;
				CLANG_WARN_EMPTY_BODY = YES;
				CLANG_WARN_ENUM_CONVERSION = YES;
				CLANG_WARN_INFINITE_RECURSION = YES;
				CLANG_WARN_INT_CONVERSION = YES;
				CLANG_WARN_NON_LITERAL_NULL_CONVERSION = YES;
				CLANG_WARN_OBJC_IMPLICIT_RETAIN_SELF = YES;
				CLANG_WARN_OBJC_LITERAL_CONVERSION = YES;
				CLANG_WARN_OBJC_ROOT_CLASS = YES_ERROR;
				CLANG_WARN_RANGE_LOOP_ANALYSIS = YES;
				CLANG_WARN_STRICT_PROTOTYPES = YES;
				CLANG_WARN_SUSPICIOUS_MOVE = YES;
				CLANG_WARN_UNGUARDED_AVAILABILITY = YES_AGGRESSIVE;
				CLANG_WARN_UNREACHABLE_CODE = YES;
				CLANG_WARN__DUPLICATE_METHOD_MATCH = YES;
				CODE_SIGN_IDENTITY = "iPhone Developer";
				COPY_PHASE_STRIP = NO;
				DEBUG_INFORMATION_FORMAT = "dwarf-with-dsym";
				ENABLE_NS_ASSERTIONS = NO;
				ENABLE_STRICT_OBJC_MSGSEND = YES;
				GCC_C_LANGUAGE_STANDARD = gnu11;
				GCC_NO_COMMON_BLOCKS = YES;
				GCC_WARN_64_TO_32_BIT_CONVERSION = YES;
				GCC_WARN_ABOUT_RETURN_TYPE = YES_ERROR;
				GCC_WARN_UNDECLARED_SELECTOR = YES;
				GCC_WARN_UNINITIALIZED_AUTOS = YES_AGGRESSIVE;
				GCC_WARN_UNUSED_FUNCTION = YES;
				GCC_WARN_UNUSED_VARIABLE = YES;
				IPHONEOS_DEPLOYMENT_TARGET = 11.4;
				MTL_ENABLE_DEBUG_INFO = NO;
				SDKROOT = iphoneos;
				SWIFT_COMPILATION_MODE = wholemodule;
				SWIFT_OPTIMIZATION_LEVEL = "-O";
				VALIDATE_PRODUCT = YES;
			};
			name = Release;
		};
		830F53FB212D4FB30026F8EB /* Debug */ = {
			isa = XCBuildConfiguration;
			buildSettings = {
				ASSETCATALOG_COMPILER_APPICON_NAME = AppIcon;
				CODE_SIGN_STYLE = Automatic;
				DEVELOPMENT_TEAM = QUVTA8Q65R;
				INFOPLIST_FILE = "Project 05 Photo/Info.plist";
				IPHONEOS_DEPLOYMENT_TARGET = 11.3;
				LD_RUNPATH_SEARCH_PATHS = (
					"$(inherited)",
					"@executable_path/Frameworks",
				);
				PRODUCT_BUNDLE_IDENTIFIER = "com.jkjk.Project-05-Photo";
				PRODUCT_NAME = "$(TARGET_NAME)";
				SWIFT_VERSION = 4.0;
				TARGETED_DEVICE_FAMILY = "1,2";
			};
			name = Debug;
		};
		830F53FC212D4FB30026F8EB /* Release */ = {
			isa = XCBuildConfiguration;
			buildSettings = {
				ASSETCATALOG_COMPILER_APPICON_NAME = AppIcon;
				CODE_SIGN_STYLE = Automatic;
				DEVELOPMENT_TEAM = QUVTA8Q65R;
				INFOPLIST_FILE = "Project 05 Photo/Info.plist";
				IPHONEOS_DEPLOYMENT_TARGET = 11.3;
				LD_RUNPATH_SEARCH_PATHS = (
					"$(inherited)",
					"@executable_path/Frameworks",
				);
				PRODUCT_BUNDLE_IDENTIFIER = "com.jkjk.Project-05-Photo";
				PRODUCT_NAME = "$(TARGET_NAME)";
				SWIFT_VERSION = 4.0;
				TARGETED_DEVICE_FAMILY = "1,2";
			};
			name = Release;
		};
/* End XCBuildConfiguration section */

/* Begin XCConfigurationList section */
		830F53E3212D4FAB0026F8EB /* Build configuration list for PBXProject "Project 05 Photo" */ = {
			isa = XCConfigurationList;
			buildConfigurations = (
				830F53F8212D4FB30026F8EB /* Debug */,
				830F53F9212D4FB30026F8EB /* Release */,
			);
			defaultConfigurationIsVisible = 0;
			defaultConfigurationName = Release;
		};
		830F53FA212D4FB30026F8EB /* Build configuration list for PBXNativeTarget "Project 05 Photo" */ = {
			isa = XCConfigurationList;
			buildConfigurations = (
				830F53FB212D4FB30026F8EB /* Debug */,
				830F53FC212D4FB30026F8EB /* Release */,
			);
			defaultConfigurationIsVisible = 0;
			defaultConfigurationName = Release;
		};
/* End XCConfigurationList section */
	};
	rootObject = 830F53E0212D4FAB0026F8EB /* Project object */;
}
